<Solution>
  <Folder Name="/.github/" />
  <Folder Name="/.github/workflows/">
    <File Path=".github/workflows/build.yml" />
  </Folder>
  <Folder Name="/EventBrokerSlim/">
    <File Path="EventBrokerSlim/EventBrokerSlim-Persistence-Architecture.md" />
    <File Path="EventBrokerSlim/package-icon.png" />
    <File Path="EventBrokerSlim/ReadMe.md" />
  </Folder>
  <Folder Name="/EventBrokerSlim/ADRs/">
    <File Path="EventBrokerSlim/ADRs/ADR-01-fan-out-at-write-time.md" />
    <File Path="EventBrokerSlim/ADRs/ADR-02-polling-service-single-dispatch-path.md" />
    <File Path="EventBrokerSlim/ADRs/ADR-03-optimistic-claiming-broad-polling.md" />
    <File Path="EventBrokerSlim/ADRs/ADR-04-single-table-per-event-handler.md" />
    <File Path="EventBrokerSlim/ADRs/ADR-05-explicit-event-handler-names.md" />
    <File Path="EventBrokerSlim/ADRs/ADR-06-startup-validation.md" />
    <File Path="EventBrokerSlim/ADRs/ADR-07-escaped-exceptions-dead-letter.md" />
    <File Path="EventBrokerSlim/ADRs/ADR-08-serialization-responsibility.md" />
    <File Path="EventBrokerSlim/ADRs/ADR-09-single-storage-interface.md" />
    <File Path="EventBrokerSlim/ADRs/ADR-10-maintenance-and-recovery.md" />
  </Folder>
  <Folder Name="/EventBrokerSlim/src/">
    <Project Path="EventBrokerSlim/src/M.EventBrokerSlim.PersistentEvents.PostgreSql/M.EventBrokerSlim.PersistentEvents.PostgreSql.csproj" />
    <Project Path="EventBrokerSlim/src/M.EventBrokerSlim.PersistentEvents.Redis/M.EventBrokerSlim.PersistentEvents.Redis.csproj" />
    <Project Path="EventBrokerSlim/src/M.EventBrokerSlim.PersistentEvents.SqlServer/M.EventBrokerSlim.PersistentEvents.SqlServer.csproj" />
    <Project Path="EventBrokerSlim/src/M.EventBrokerSlim/M.EventBrokerSlim.csproj" />
  </Folder>
  <Folder Name="/EventBrokerSlim/test/">
    <Project Path="EventBrokerSlim/test/AotTestApp/AotTestApp.csproj" />
    <Project Path="EventBrokerSlim/test/M.EventBrokerSlim.Tests/M.EventBrokerSlim.Tests.csproj" />
    <Project Path="EventBrokerSlim/test/Tests.ServiceDefaults/Tests.ServiceDefaults.csproj" />
  </Folder>
  <Folder Name="/EventBrokerSlim/test/PostgreSql/">
    <Project Path="EventBrokerSlim/test/PostgreSql/M.EventBrokerSlim.PersistentEvents.PostgreSql.Tests/M.EventBrokerSlim.PersistentEvents.PostgreSql.Tests.csproj" />
    <Project Path="EventBrokerSlim/test/PostgreSql/PostgreSqlTestApp.AppHost/PostgreSqlTestApp.AppHost.csproj" />
    <Project Path="EventBrokerSlim/test/PostgreSql/PostgreSqlTestApp/PostgreSqlTestApp.csproj" />
  </Folder>
  <Folder Name="/EventBrokerSlim/test/Redis/">
    <Project Path="EventBrokerSlim/test/Redis/M.EventBrokerSlim.PersistentEvents.Redis.Tests/M.EventBrokerSlim.PersistentEvents.Redis.Tests.csproj" />
    <Project Path="EventBrokerSlim/test/Redis/RedisTestApp.AppHost/RedisTestApp.AppHost.csproj" />
    <Project Path="EventBrokerSlim/test/Redis/RedisTestApp/RedisTestApp.csproj" />
  </Folder>
  <Folder Name="/EventBrokerSlim/test/SqlServer/">
    <Project Path="EventBrokerSlim/test/SqlServer/M.EventBrokerSlim.PersistentEvents.SqlServer.Tests/M.EventBrokerSlim.PersistentEvents.SqlServer.Tests.csproj" />
    <Project Path="EventBrokerSlim/test/SqlServer/SqlServerTestApp.AppHost/SqlServerTestApp.AppHost.csproj" />
    <Project Path="EventBrokerSlim/test/SqlServer/SqlServerTestApp/SqlServerTestApp.csproj" />
  </Folder>
  <Folder Name="/FuncPipeline/">
    <File Path="FuncPipeline/ReadMe.md" />
  </Folder>
  <Folder Name="/FuncPipeline/src/">
    <Project Path="FuncPipeline/src/FuncPipeline/FuncPipeline.csproj" />
  </Folder>
  <Folder Name="/FuncPipeline/test/">
    <Project Path="FuncPipeline/test/AotTestApp/AotTestApp.csproj" />
    <Project Path="FuncPipeline/test/FuncPipeline.Tests/FuncPipeline.Tests.csproj" />
    <Project Path="FuncPipeline/test/FuncPipelineBenchmarks/FuncPipelineBenchmarks.csproj" />
  </Folder>
  <Folder Name="/Solution Items/">
    <File Path=".editorconfig" />
    <File Path="README.md" />
  </Folder>
</Solution>
